
Microsoft Visual Studio Solution File, Format Version 12.00
# Visual Studio Version 16
VisualStudioVersion = 16.0.29418.71
MinimumVisualStudioVersion = 10.0.40219.1
Project("{FAE04EC0-301F-11D3-BF4B-00C04F79EFBC}") = "Employee_132", "Employee_132\Employee_132.csproj", "{2AD6602E-19D4-4828-8A5F-AAFD9384BFF0}"
EndProject
Global
	GlobalSection(SolutionConfigurationPlatforms) = preSolution
		Debug|Any CPU = Debug|Any CPU
		Release|Any CPU = Release|Any CPU
	EndGlobalSection
	GlobalSection(ProjectConfigurationPlatforms) = postSolution
		{2AD6602E-19D4-4828-8A5F-AAFD9384BFF0}.Debug|Any CPU.ActiveCfg = Debug|Any CPU
		{2AD6602E-19D4-4828-8A5F-AAFD9384BFF0}.Debug|Any CPU.Build.0 = Debug|Any CPU
		{2AD6602E-19D4-4828-8A5F-AAFD9384BFF0}.Release|Any CPU.ActiveCfg = Release|Any CPU
		{2AD6602E-19D4-4828-8A5F-AAFD9384BFF0}.Release|Any CPU.Build.0 = Release|Any CPU
	EndGlobalSection
	GlobalSection(SolutionProperties) = preSolution
		HideSolutionNode = FALSE
	EndGlobalSection
	GlobalSection(ExtensibilityGlobals) = postSolution
		SolutionGuid = {EE2E2F31-B7F3-443E-9B26-96AD3C2B5DAB}
	EndGlobalSection
EndGlobal
